// !$*UTF8*$!
{
	archiveVersion = 1;
	classes = {
	};
	objectVersion = 56;
	objects = {

/* Begin PBXBuildFile section */
		291181D82B4B1A8900B76A26 /* UserSettings.swift in Sources */ = {isa = PBXBuildFile; fileRef = 291181D72B4B1A8900B76A26 /* UserSettings.swift */; };
		291181DE2B4B278900B76A26 /* ViewExtensions.swift in Sources */ = {isa = PBXBuildFile; fileRef = 291181DD2B4B278900B76A26 /* ViewExtensions.swift */; };
		29DD55E92B4875EC003729AD /* BaldursModManagerApp.swift in Sources */ = {isa = PBXBuildFile; fileRef = 29DD55E82B4875EC003729AD /* BaldursModManagerApp.swift */; };
		29DD55EB2B4875EC003729AD /* ContentView.swift in Sources */ = {isa = PBXBuildFile; fileRef = 29DD55EA2B4875EC003729AD /* ContentView.swift */; };
		29DD55ED2B4875EC003729AD /* ModItem.swift in Sources */ = {isa = PBXBuildFile; fileRef = 29DD55EC2B4875EC003729AD /* ModItem.swift */; };
		29DD55EF2B4875ED003729AD /* Assets.xcassets in Resources */ = {isa = PBXBuildFile; fileRef = 29DD55EE2B4875ED003729AD /* Assets.xcassets */; };
		29DD55F22B4875ED003729AD /* Preview Assets.xcassets in Resources */ = {isa = PBXBuildFile; fileRef = 29DD55F12B4875ED003729AD /* Preview Assets.xcassets */; };
/* End PBXBuildFile section */

/* Begin PBXFileReference section */
		291181D72B4B1A8900B76A26 /* UserSettings.swift */ = {isa = PBXFileReference; lastKnownFileType = sourcecode.swift; path = UserSettings.swift; sourceTree = "<group>"; };
		291181DD2B4B278900B76A26 /* ViewExtensions.swift */ = {isa = PBXFileReference; lastKnownFileType = sourcecode.swift; path = ViewExtensions.swift; sourceTree = "<group>"; };
		29DD55E52B4875EC003729AD /* BaldursModManager.app */ = {isa = PBXFileReference; explicitFileType = wrapper.application; includeInIndex = 0; path = BaldursModManager.app; sourceTree = BUILT_PRODUCTS_DIR; };
		29DD55E82B4875EC003729AD /* BaldursModManagerApp.swift */ = {isa = PBXFileReference; lastKnownFileType = sourcecode.swift; path = BaldursModManagerApp.swift; sourceTree = "<group>"; };
		29DD55EA2B4875EC003729AD /* ContentView.swift */ = {isa = PBXFileReference; lastKnownFileType = sourcecode.swift; path = ContentView.swift; sourceTree = "<group>"; };
		29DD55EC2B4875EC003729AD /* ModItem.swift */ = {isa = PBXFileReference; lastKnownFileType = sourcecode.swift; path = ModItem.swift; sourceTree = "<group>"; };
		29DD55EE2B4875ED003729AD /* Assets.xcassets */ = {isa = PBXFileReference; lastKnownFileType = folder.assetcatalog; path = Assets.xcassets; sourceTree = "<group>"; };
		29DD55F12B4875ED003729AD /* Preview Assets.xcassets */ = {isa = PBXFileReference; lastKnownFileType = folder.assetcatalog; path = "Preview Assets.xcassets"; sourceTree = "<group>"; };
		29DD55F32B4875ED003729AD /* BaldursModManager.entitlements */ = {isa = PBXFileReference; lastKnownFileType = text.plist.entitlements; path = BaldursModManager.entitlements; sourceTree = "<group>"; };
/* End PBXFileReference section */

/* Begin PBXFrameworksBuildPhase section */
		29DD55E22B4875EC003729AD /* Frameworks */ = {
			isa = PBXFrameworksBuildPhase;
			buildActionMask = 2147483647;
			files = (
			);
			runOnlyForDeploymentPostprocessing = 0;
		};
/* End PBXFrameworksBuildPhase section */

/* Begin PBXGroup section */
		291181D62B4B1A7A00B76A26 /* Settings */ = {
			isa = PBXGroup;
			children = (
				291181D72B4B1A8900B76A26 /* UserSettings.swift */,
			);
			path = Settings;
			sourceTree = "<group>";
		};
		291181DC2B4B277700B76A26 /* Views */ = {
			isa = PBXGroup;
			children = (
				291181DD2B4B278900B76A26 /* ViewExtensions.swift */,
			);
			path = Views;
			sourceTree = "<group>";
		};
		29DD55DC2B4875EC003729AD = {
			isa = PBXGroup;
			children = (
				29DD55E72B4875EC003729AD /* BaldursModManager */,
				29DD55E62B4875EC003729AD /* Products */,
			);
			sourceTree = "<group>";
		};
		29DD55E62B4875EC003729AD /* Products */ = {
			isa = PBXGroup;
			children = (
				29DD55E52B4875EC003729AD /* BaldursModManager.app */,
			);
			name = Products;
			sourceTree = "<group>";
		};
		29DD55E72B4875EC003729AD /* BaldursModManager */ = {
			isa = PBXGroup;
			children = (
				291181DC2B4B277700B76A26 /* Views */,
				291181D62B4B1A7A00B76A26 /* Settings */,
				29DD55E82B4875EC003729AD /* BaldursModManagerApp.swift */,
				29DD55EA2B4875EC003729AD /* ContentView.swift */,
				29DD55EC2B4875EC003729AD /* ModItem.swift */,
				29DD55EE2B4875ED003729AD /* Assets.xcassets */,
				29DD55F32B4875ED003729AD /* BaldursModManager.entitlements */,
				29DD55F02B4875ED003729AD /* Preview Content */,
			);
			path = BaldursModManager;
			sourceTree = "<group>";
		};
		29DD55F02B4875ED003729AD /* Preview Content */ = {
			isa = PBXGroup;
			children = (
				29DD55F12B4875ED003729AD /* Preview Assets.xcassets */,
			);
			path = "Preview Content";
			sourceTree = "<group>";
		};
/* End PBXGroup section */

/* Begin PBXNativeTarget section */
		29DD55E42B4875EC003729AD /* BaldursModManager */ = {
			isa = PBXNativeTarget;
			buildConfigurationList = 29DD55F62B4875ED003729AD /* Build configuration list for PBXNativeTarget "BaldursModManager" */;
			buildPhases = (
				29DD55E12B4875EC003729AD /* Sources */,
				29DD55E22B4875EC003729AD /* Frameworks */,
				29DD55E32B4875EC003729AD /* Resources */,
			);
			buildRules = (
			);
			dependencies = (
			);
			name = BaldursModManager;
			productName = BaldursModManager;
			productReference = 29DD55E52B4875EC003729AD /* BaldursModManager.app */;
			productType = "com.apple.product-type.application";
		};
/* End PBXNativeTarget section */

/* Begin PBXProject section */
		29DD55DD2B4875EC003729AD /* Project object */ = {
			isa = PBXProject;
			attributes = {
				BuildIndependentTargetsInParallel = 1;
				LastSwiftUpdateCheck = 1510;
				LastUpgradeCheck = 1510;
				TargetAttributes = {
					29DD55E42B4875EC003729AD = {
						CreatedOnToolsVersion = 15.1;
					};
				};
			};
			buildConfigurationList = 29DD55E02B4875EC003729AD /* Build configuration list for PBXProject "BaldursModManager" */;
			compatibilityVersion = "Xcode 14.0";
			developmentRegion = en;
			hasScannedForEncodings = 0;
			knownRegions = (
				en,
				Base,
			);
			mainGroup = 29DD55DC2B4875EC003729AD;
			productRefGroup = 29DD55E62B4875EC003729AD /* Products */;
			projectDirPath = "";
			projectRoot = "";
			targets = (
				29DD55E42B4875EC003729AD /* BaldursModManager */,
			);
		};
/* End PBXProject section */

/* Begin PBXResourcesBuildPhase section */
		29DD55E32B4875EC003729AD /* Resources */ = {
			isa = PBXResourcesBuildPhase;
			buildActionMask = 2147483647;
			files = (
				29DD55F22B4875ED003729AD /* Preview Assets.xcassets in Resources */,
				29DD55EF2B4875ED003729AD /* Assets.xcassets in Resources */,
			);
			runOnlyForDeploymentPostprocessing = 0;
		};
/* End PBXResourcesBuildPhase section */

/* Begin PBXSourcesBuildPhase section */
		29DD55E12B4875EC003729AD /* Sources */ = {
			isa = PBXSourcesBuildPhase;
			buildActionMask = 2147483647;
			files = (
				29DD55EB2B4875EC003729AD /* ContentView.swift in Sources */,
				291181D82B4B1A8900B76A26 /* UserSettings.swift in Sources */,
				29DD55ED2B4875EC003729AD /* ModItem.swift in Sources */,
				291181DE2B4B278900B76A26 /* ViewExtensions.swift in Sources */,
				29DD55E92B4875EC003729AD /* BaldursModManagerApp.swift in Sources */,
			);
			runOnlyForDeploymentPostprocessing = 0;
		};
/* End PBXSourcesBuildPhase section */

/* Begin XCBuildConfiguration section */
		29DD55F42B4875ED003729AD /* Debug */ = {
			isa = XCBuildConfiguration;
			buildSettings = {
				ALWAYS_SEARCH_USER_PATHS = NO;
				ASSETCATALOG_COMPILER_GENERATE_SWIFT_ASSET_SYMBOL_EXTENSIONS = YES;
				CLANG_ANALYZER_NONNULL = YES;
				CLANG_ANALYZER_NUMBER_OBJECT_CONVERSION = YES_AGGRESSIVE;
				CLANG_CXX_LANGUAGE_STANDARD = "gnu++20";
				CLANG_ENABLE_MODULES = YES;
				CLANG_ENABLE_OBJC_ARC = YES;
				CLANG_ENABLE_OBJC_WEAK = YES;
				CLANG_WARN_BLOCK_CAPTURE_AUTORELEASING = YES;
				CLANG_WARN_BOOL_CONVERSION = YES;
				CLANG_WARN_COMMA = YES;
				CLANG_WARN_CONSTANT_CONVERSION = YES;
				CLANG_WARN_DEPRECATED_OBJC_IMPLEMENTATIONS = YES;
				CLANG_WARN_DIRECT_OBJC_ISA_USAGE = YES_ERROR;
				CLANG_WARN_DOCUMENTATION_COMMENTS = YES;
				CLANG_WARN_EMPTY_BODY = YES;
				CLANG_WARN_ENUM_CONVERSION = YES;
				CLANG_WARN_INFINITE_RECURSION = YES;
				CLANG_WARN_INT_CONVERSION = YES;
				CLANG_WARN_NON_LITERAL_NULL_CONVERSION = YES;
				CLANG_WARN_OBJC_IMPLICIT_RETAIN_SELF = YES;
				CLANG_WARN_OBJC_LITERAL_CONVERSION = YES;
				CLANG_WARN_OBJC_ROOT_CLASS = YES_ERROR;
				CLANG_WARN_QUOTED_INCLUDE_IN_FRAMEWORK_HEADER = YES;
				CLANG_WARN_RANGE_LOOP_ANALYSIS = YES;
				CLANG_WARN_STRICT_PROTOTYPES = YES;
				CLANG_WARN_SUSPICIOUS_MOVE = YES;
				CLANG_WARN_UNGUARDED_AVAILABILITY = YES_AGGRESSIVE;
				CLANG_WARN_UNREACHABLE_CODE = YES;
				CLANG_WARN__DUPLICATE_METHOD_MATCH = YES;
				COPY_PHASE_STRIP = NO;
				DEBUG_INFORMATION_FORMAT = dwarf;
				ENABLE_STRICT_OBJC_MSGSEND = YES;
				ENABLE_TESTABILITY = YES;
				ENABLE_USER_SCRIPT_SANDBOXING = YES;
				GCC_C_LANGUAGE_STANDARD = gnu17;
				GCC_DYNAMIC_NO_PIC = NO;
				GCC_NO_COMMON_BLOCKS = YES;
				GCC_OPTIMIZATION_LEVEL = 0;
				GCC_PREPROCESSOR_DEFINITIONS = (
					"DEBUG=1",
					"$(inherited)",
				);
				GCC_WARN_64_TO_32_BIT_CONVERSION = YES;
				GCC_WARN_ABOUT_RETURN_TYPE = YES_ERROR;
				GCC_WARN_UNDECLARED_SELECTOR = YES;
				GCC_WARN_UNINITIALIZED_AUTOS = YES_AGGRESSIVE;
				GCC_WARN_UNUSED_FUNCTION = YES;
				GCC_WARN_UNUSED_VARIABLE = YES;
				LOCALIZATION_PREFERS_STRING_CATALOGS = YES;
				MACOSX_DEPLOYMENT_TARGET = 14.2;
				MTL_ENABLE_DEBUG_INFO = INCLUDE_SOURCE;
				MTL_FAST_MATH = YES;
				ONLY_ACTIVE_ARCH = YES;
				SDKROOT = macosx;
				SWIFT_ACTIVE_COMPILATION_CONDITIONS = "DEBUG $(inherited)";
				SWIFT_OPTIMIZATION_LEVEL = "-Onone";
			};
			name = Debug;
		};
		29DD55F52B4875ED003729AD /* Release */ = {
			isa = XCBuildConfiguration;
			buildSettings = {
				ALWAYS_SEARCH_USER_PATHS = NO;
				ASSETCATALOG_COMPILER_GENERATE_SWIFT_ASSET_SYMBOL_EXTENSIONS = YES;
				CLANG_ANALYZER_NONNULL = YES;
				CLANG_ANALYZER_NUMBER_OBJECT_CONVERSION = YES_AGGRESSIVE;
				CLANG_CXX_LANGUAGE_STANDARD = "gnu++20";
				CLANG_ENABLE_MODULES = YES;
				CLANG_ENABLE_OBJC_ARC = YES;
				CLANG_ENABLE_OBJC_WEAK = YES;
				CLANG_WARN_BLOCK_CAPTURE_AUTORELEASING = YES;
				CLANG_WARN_BOOL_CONVERSION = YES;
				CLANG_WARN_COMMA = YES;
				CLANG_WARN_CONSTANT_CONVERSION = YES;
				CLANG_WARN_DEPRECATED_OBJC_IMPLEMENTATIONS = YES;
				CLANG_WARN_DIRECT_OBJC_ISA_USAGE = YES_ERROR;
				CLANG_WARN_DOCUMENTATION_COMMENTS = YES;
				CLANG_WARN_EMPTY_BODY = YES;
				CLANG_WARN_ENUM_CONVERSION = YES;
				CLANG_WARN_INFINITE_RECURSION = YES;
				CLANG_WARN_INT_CONVERSION = YES;
				CLANG_WARN_NON_LITERAL_NULL_CONVERSION = YES;
				CLANG_WARN_OBJC_IMPLICIT_RETAIN_SELF = YES;
				CLANG_WARN_OBJC_LITERAL_CONVERSION = YES;
				CLANG_WARN_OBJC_ROOT_CLASS = YES_ERROR;
				CLANG_WARN_QUOTED_INCLUDE_IN_FRAMEWORK_HEADER = YES;
				CLANG_WARN_RANGE_LOOP_ANALYSIS = YES;
				CLANG_WARN_STRICT_PROTOTYPES = YES;
				CLANG_WARN_SUSPICIOUS_MOVE = YES;
				CLANG_WARN_UNGUARDED_AVAILABILITY = YES_AGGRESSIVE;
				CLANG_WARN_UNREACHABLE_CODE = YES;
				CLANG_WARN__DUPLICATE_METHOD_MATCH = YES;
				COPY_PHASE_STRIP = NO;
				DEBUG_INFORMATION_FORMAT = "dwarf-with-dsym";
				ENABLE_NS_ASSERTIONS = NO;
				ENABLE_STRICT_OBJC_MSGSEND = YES;
				ENABLE_USER_SCRIPT_SANDBOXING = YES;
				GCC_C_LANGUAGE_STANDARD = gnu17;
				GCC_NO_COMMON_BLOCKS = YES;
				GCC_WARN_64_TO_32_BIT_CONVERSION = YES;
				GCC_WARN_ABOUT_RETURN_TYPE = YES_ERROR;
				GCC_WARN_UNDECLARED_SELECTOR = YES;
				GCC_WARN_UNINITIALIZED_AUTOS = YES_AGGRESSIVE;
				GCC_WARN_UNUSED_FUNCTION = YES;
				GCC_WARN_UNUSED_VARIABLE = YES;
				LOCALIZATION_PREFERS_STRING_CATALOGS = YES;
				MACOSX_DEPLOYMENT_TARGET = 14.2;
				MTL_ENABLE_DEBUG_INFO = NO;
				MTL_FAST_MATH = YES;
				SDKROOT = macosx;
				SWIFT_COMPILATION_MODE = wholemodule;
			};
			name = Release;
		};
		29DD55F72B4875ED003729AD /* Debug */ = {
			isa = XCBuildConfiguration;
			buildSettings = {
				ASSETCATALOG_COMPILER_APPICON_NAME = AppIcon;
				ASSETCATALOG_COMPILER_GLOBAL_ACCENT_COLOR_NAME = AccentColor;
				CODE_SIGN_ENTITLEMENTS = BaldursModManager/BaldursModManager.entitlements;
				CODE_SIGN_STYLE = Automatic;
				COMBINE_HIDPI_IMAGES = YES;
				CURRENT_PROJECT_VERSION = 1;
				DEVELOPMENT_ASSET_PATHS = "\"BaldursModManager/Preview Content\"";
				DEVELOPMENT_TEAM = 85N3S3DG8M;
				ENABLE_HARDENED_RUNTIME = YES;
				ENABLE_PREVIEWS = YES;
				GENERATE_INFOPLIST_FILE = YES;
				INFOPLIST_KEY_NSHumanReadableCopyright = "";
				LD_RUNPATH_SEARCH_PATHS = (
					"$(inherited)",
					"@executable_path/../Frameworks",
				);
				MACOSX_DEPLOYMENT_TARGET = 14.0;
				MARKETING_VERSION = 1.0;
				PRODUCT_BUNDLE_IDENTIFIER = ca.justinbush.BaldursModManager;
				PRODUCT_NAME = "$(TARGET_NAME)";
				SWIFT_EMIT_LOC_STRINGS = YES;
				SWIFT_VERSION = 5.0;
			};
			name = Debug;
		};
		29DD55F82B4875ED003729AD /* Release */ = {
			isa = XCBuildConfiguration;
			buildSettings = {
				ASSETCATALOG_COMPILER_APPICON_NAME = AppIcon;
				ASSETCATALOG_COMPILER_GLOBAL_ACCENT_COLOR_NAME = AccentColor;
				CODE_SIGN_ENTITLEMENTS = BaldursModManager/BaldursModManager.entitlements;
				CODE_SIGN_STYLE = Automatic;
				COMBINE_HIDPI_IMAGES = YES;
				CURRENT_PROJECT_VERSION = 1;
				DEVELOPMENT_ASSET_PATHS = "\"BaldursModManager/Preview Content\"";
				DEVELOPMENT_TEAM = 85N3S3DG8M;
				ENABLE_HARDENED_RUNTIME = YES;
				ENABLE_PREVIEWS = YES;
				GENERATE_INFOPLIST_FILE = YES;
				INFOPLIST_KEY_NSHumanReadableCopyright = "";
				LD_RUNPATH_SEARCH_PATHS = (
					"$(inherited)",
					"@executable_path/../Frameworks",
				);
				MACOSX_DEPLOYMENT_TARGET = 14.0;
				MARKETING_VERSION = 1.0;
				PRODUCT_BUNDLE_IDENTIFIER = ca.justinbush.BaldursModManager;
				PRODUCT_NAME = "$(TARGET_NAME)";
				SWIFT_EMIT_LOC_STRINGS = YES;
				SWIFT_VERSION = 5.0;
			};
			name = Release;
		};
/* End XCBuildConfiguration section */

/* Begin XCConfigurationList section */
		29DD55E02B4875EC003729AD /* Build configuration list for PBXProject "BaldursModManager" */ = {
			isa = XCConfigurationList;
			buildConfigurations = (
				29DD55F42B4875ED003729AD /* Debug */,
				29DD55F52B4875ED003729AD /* Release */,
			);
			defaultConfigurationIsVisible = 0;
			defaultConfigurationName = Release;
		};
		29DD55F62B4875ED003729AD /* Build configuration list for PBXNativeTarget "BaldursModManager" */ = {
			isa = XCConfigurationList;
			buildConfigurations = (
				29DD55F72B4875ED003729AD /* Debug */,
				29DD55F82B4875ED003729AD /* Release */,
			);
			defaultConfigurationIsVisible = 0;
			defaultConfigurationName = Release;
		};
/* End XCConfigurationList section */
	};
	rootObject = 29DD55DD2B4875EC003729AD /* Project object */;
}
